
Microsoft Visual Studio Solution File, Format Version 12.00
# Visual Studio Version 17
VisualStudioVersion = 17.0.31903.59
MinimumVisualStudioVersion = 10.0.40219.1
Project("{FAE04EC0-301F-11D3-BF4B-00C04F79EFBC}") = "InsTK.CLI", "InsTK.CLI\InsTK.CLI.csproj", "{0BB144B0-B3D5-4E76-8A15-A16C7C558667}"
EndProject
Project("{FAE04EC0-301F-11D3-BF4B-00C04F79EFBC}") = "InsTK.Core", "InsTK.Core\InsTK.Core.csproj", "{2302A3D7-B5A1-453D-9CF3-E72603845960}"
EndProject
Project("{FAE04EC0-301F-11D3-BF4B-00C04F79EFBC}") = "InsTK.Maui", "InsTK.Maui\InsTK.Maui.csproj", "{2D766769-04CD-4FBD-9944-239A0EF125A0}"
EndProject
Global
	GlobalSection(SolutionConfigurationPlatforms) = preSolution
		Debug|Any CPU = Debug|Any CPU
		Debug|x64 = Debug|x64
		Debug|x86 = Debug|x86
		Release|Any CPU = Release|Any CPU
		Release|x64 = Release|x64
		Release|x86 = Release|x86
	EndGlobalSection
	GlobalSection(ProjectConfigurationPlatforms) = postSolution
		{0BB144B0-B3D5-4E76-8A15-A16C7C558667}.Debug|Any CPU.ActiveCfg = Debug|Any CPU
		{0BB144B0-B3D5-4E76-8A15-A16C7C558667}.Debug|Any CPU.Build.0 = Debug|Any CPU
		{0BB144B0-B3D5-4E76-8A15-A16C7C558667}.Debug|x64.ActiveCfg = Debug|Any CPU
		{0BB144B0-B3D5-4E76-8A15-A16C7C558667}.Debug|x64.Build.0 = Debug|Any CPU
		{0BB144B0-B3D5-4E76-8A15-A16C7C558667}.Debug|x86.ActiveCfg = Debug|Any CPU
		{0BB144B0-B3D5-4E76-8A15-A16C7C558667}.Debug|x86.Build.0 = Debug|Any CPU
		{0BB144B0-B3D5-4E76-8A15-A16C7C558667}.Release|Any CPU.ActiveCfg = Release|Any CPU
		{0BB144B0-B3D5-4E76-8A15-A16C7C558667}.Release|Any CPU.Build.0 = Release|Any CPU
		{0BB144B0-B3D5-4E76-8A15-A16C7C558667}.Release|x64.ActiveCfg = Release|Any CPU
		{0BB144B0-B3D5-4E76-8A15-A16C7C558667}.Release|x64.Build.0 = Release|Any CPU
		{0BB144B0-B3D5-4E76-8A15-A16C7C558667}.Release|x86.ActiveCfg = Release|Any CPU
		{0BB144B0-B3D5-4E76-8A15-A16C7C558667}.Release|x86.Build.0 = Release|Any CPU
		{2302A3D7-B5A1-453D-9CF3-E72603845960}.Debug|Any CPU.ActiveCfg = Debug|Any CPU
		{2302A3D7-B5A1-453D-9CF3-E72603845960}.Debug|Any CPU.Build.0 = Debug|Any CPU
		{2302A3D7-B5A1-453D-9CF3-E72603845960}.Debug|x64.ActiveCfg = Debug|Any CPU
		{2302A3D7-B5A1-453D-9CF3-E72603845960}.Debug|x64.Build.0 = Debug|Any CPU
		{2302A3D7-B5A1-453D-9CF3-E72603845960}.Debug|x86.ActiveCfg = Debug|Any CPU
		{2302A3D7-B5A1-453D-9CF3-E72603845960}.Debug|x86.Build.0 = Debug|Any CPU
		{2302A3D7-B5A1-453D-9CF3-E72603845960}.Release|Any CPU.ActiveCfg = Release|Any CPU
		{2302A3D7-B5A1-453D-9CF3-E72603845960}.Release|Any CPU.Build.0 = Release|Any CPU
		{2302A3D7-B5A1-453D-9CF3-E72603845960}.Release|x64.ActiveCfg = Release|Any CPU
		{2302A3D7-B5A1-453D-9CF3-E72603845960}.Release|x64.Build.0 = Release|Any CPU
		{2302A3D7-B5A1-453D-9CF3-E72603845960}.Release|x86.ActiveCfg = Release|Any CPU
		{2302A3D7-B5A1-453D-9CF3-E72603845960}.Release|x86.Build.0 = Release|Any CPU
		{2D766769-04CD-4FBD-9944-239A0EF125A0}.Debug|Any CPU.ActiveCfg = Debug|Any CPU
		{2D766769-04CD-4FBD-9944-239A0EF125A0}.Debug|Any CPU.Build.0 = Debug|Any CPU
		{2D766769-04CD-4FBD-9944-239A0EF125A0}.Debug|x64.ActiveCfg = Debug|Any CPU
		{2D766769-04CD-4FBD-9944-239A0EF125A0}.Debug|x64.Build.0 = Debug|Any CPU
		{2D766769-04CD-4FBD-9944-239A0EF125A0}.Debug|x86.ActiveCfg = Debug|Any CPU
		{2D766769-04CD-4FBD-9944-239A0EF125A0}.Debug|x86.Build.0 = Debug|Any CPU
		{2D766769-04CD-4FBD-9944-239A0EF125A0}.Release|Any CPU.ActiveCfg = Release|Any CPU
		{2D766769-04CD-4FBD-9944-239A0EF125A0}.Release|Any CPU.Build.0 = Release|Any CPU
		{2D766769-04CD-4FBD-9944-239A0EF125A0}.Release|x64.ActiveCfg = Release|Any CPU
		{2D766769-04CD-4FBD-9944-239A0EF125A0}.Release|x64.Build.0 = Release|Any CPU
		{2D766769-04CD-4FBD-9944-239A0EF125A0}.Release|x86.ActiveCfg = Release|Any CPU
		{2D766769-04CD-4FBD-9944-239A0EF125A0}.Release|x86.Build.0 = Release|Any CPU
	EndGlobalSection
	GlobalSection(SolutionProperties) = preSolution
		HideSolutionNode = FALSE
	EndGlobalSection
EndGlobal
